<Solution>
  <Project Path="Products.Api/Products.Api.csproj" />
  <Project Path="Products.Application/Products.Application.csproj" />
  <Project Path="Products.Domain/Products.Domain.csproj" />
  <Project Path="Products.Infrastructure/Products.Infrastructure.csproj" />
  <Project Path="Products.IntegrationTests/Products.IntegrationTests.csproj" />
  <Project Path="Products.UnitTests/Products.UnitTests.csproj" />
</Solution>
